// !$*UTF8*$!
{
	archiveVersion = 1;
	classes = {
	};
	objectVersion = 51;
	objects = {

/* Begin PBXBuildFile section */
		0201EDA1825B7C7E3F0CF104 /* Pods_UI_44Tests.framework in Frameworks */ = {isa = PBXBuildFile; fileRef = 6A7FAF4A1B290EC3C40B2091 /* Pods_UI_44Tests.framework */; };
		16B5B29E0876822D4E612C08 /* Pods_UI_44.framework in Frameworks */ = {isa = PBXBuildFile; fileRef = 74AD043C4FC5C531D4ED4E77 /* Pods_UI_44.framework */; };
		3C8216FD8D5AFAC07B9061E1 /* Pods_UI_44_UI_44UITests.framework in Frameworks */ = {isa = PBXBuildFile; fileRef = DC138320A95AC35963795E4F /* Pods_UI_44_UI_44UITests.framework */; };
		6756A59D256BDA910057E4EF /* UI_44App.swift in Sources */ = {isa = PBXBuildFile; fileRef = 6756A59C256BDA910057E4EF /* UI_44App.swift */; };
		6756A59F256BDA910057E4EF /* ContentView.swift in Sources */ = {isa = PBXBuildFile; fileRef = 6756A59E256BDA910057E4EF /* ContentView.swift */; };
		6756A5A1256BDA920057E4EF /* Assets.xcassets in Resources */ = {isa = PBXBuildFile; fileRef = 6756A5A0256BDA920057E4EF /* Assets.xcassets */; };
		6756A5A4256BDA920057E4EF /* Preview Assets.xcassets in Resources */ = {isa = PBXBuildFile; fileRef = 6756A5A3256BDA920057E4EF /* Preview Assets.xcassets */; };
		6756A5AF256BDA930057E4EF /* UI_44Tests.swift in Sources */ = {isa = PBXBuildFile; fileRef = 6756A5AE256BDA930057E4EF /* UI_44Tests.swift */; };
		6756A5BA256BDA930057E4EF /* UI_44UITests.swift in Sources */ = {isa = PBXBuildFile; fileRef = 6756A5B9256BDA930057E4EF /* UI_44UITests.swift */; };
		6756A5CB256BDAF70057E4EF /* a1.json in Resources */ = {isa = PBXBuildFile; fileRef = 6756A5CA256BDAF70057E4EF /* a1.json */; };
/* End PBXBuildFile section */

/* Begin PBXContainerItemProxy section */
		6756A5AB256BDA930057E4EF /* PBXContainerItemProxy */ = {
			isa = PBXContainerItemProxy;
			containerPortal = 6756A591256BDA910057E4EF /* Project object */;
			proxyType = 1;
			remoteGlobalIDString = 6756A598256BDA910057E4EF;
			remoteInfo = "UI-44";
		};
		6756A5B6256BDA930057E4EF /* PBXContainerItemProxy */ = {
			isa = PBXContainerItemProxy;
			containerPortal = 6756A591256BDA910057E4EF /* Project object */;
			proxyType = 1;
			remoteGlobalIDString = 6756A598256BDA910057E4EF;
			remoteInfo = "UI-44";
		};
/* End PBXContainerItemProxy section */

/* Begin PBXFileReference section */
		2FFC72F403DB0BA45848A0AD /* Pods-UI-44-UI-44UITests.release.xcconfig */ = {isa = PBXFileReference; includeInIndex = 1; lastKnownFileType = text.xcconfig; name = "Pods-UI-44-UI-44UITests.release.xcconfig"; path = "Target Support Files/Pods-UI-44-UI-44UITests/Pods-UI-44-UI-44UITests.release.xcconfig"; sourceTree = "<group>"; };
		6756A599256BDA910057E4EF /* UI-44.app */ = {isa = PBXFileReference; explicitFileType = wrapper.application; includeInIndex = 0; path = "UI-44.app"; sourceTree = BUILT_PRODUCTS_DIR; };
		6756A59C256BDA910057E4EF /* UI_44App.swift */ = {isa = PBXFileReference; lastKnownFileType = sourcecode.swift; path = UI_44App.swift; sourceTree = "<group>"; };
		6756A59E256BDA910057E4EF /* ContentView.swift */ = {isa = PBXFileReference; lastKnownFileType = sourcecode.swift; path = ContentView.swift; sourceTree = "<group>"; };
		6756A5A0256BDA920057E4EF /* Assets.xcassets */ = {isa = PBXFileReference; lastKnownFileType = folder.assetcatalog; path = Assets.xcassets; sourceTree = "<group>"; };
		6756A5A3256BDA920057E4EF /* Preview Assets.xcassets */ = {isa = PBXFileReference; lastKnownFileType = folder.assetcatalog; path = "Preview Assets.xcassets"; sourceTree = "<group>"; };
		6756A5A5256BDA920057E4EF /* Info.plist */ = {isa = PBXFileReference; lastKnownFileType = text.plist.xml; path = Info.plist; sourceTree = "<group>"; };
		6756A5AA256BDA930057E4EF /* UI-44Tests.xctest */ = {isa = PBXFileReference; explicitFileType = wrapper.cfbundle; includeInIndex = 0; path = "UI-44Tests.xctest"; sourceTree = BUILT_PRODUCTS_DIR; };
		6756A5AE256BDA930057E4EF /* UI_44Tests.swift */ = {isa = PBXFileReference; lastKnownFileType = sourcecode.swift; path = UI_44Tests.swift; sourceTree = "<group>"; };
		6756A5B0256BDA930057E4EF /* Info.plist */ = {isa = PBXFileReference; lastKnownFileType = text.plist.xml; path = Info.plist; sourceTree = "<group>"; };
		6756A5B5256BDA930057E4EF /* UI-44UITests.xctest */ = {isa = PBXFileReference; explicitFileType = wrapper.cfbundle; includeInIndex = 0; path = "UI-44UITests.xctest"; sourceTree = BUILT_PRODUCTS_DIR; };
		6756A5B9256BDA930057E4EF /* UI_44UITests.swift */ = {isa = PBXFileReference; lastKnownFileType = sourcecode.swift; path = UI_44UITests.swift; sourceTree = "<group>"; };
		6756A5BB256BDA930057E4EF /* Info.plist */ = {isa = PBXFileReference; lastKnownFileType = text.plist.xml; path = Info.plist; sourceTree = "<group>"; };
		6756A5CA256BDAF70057E4EF /* a1.json */ = {isa = PBXFileReference; fileEncoding = 4; lastKnownFileType = text.json; path = a1.json; sourceTree = "<group>"; };
		6A7FAF4A1B290EC3C40B2091 /* Pods_UI_44Tests.framework */ = {isa = PBXFileReference; explicitFileType = wrapper.framework; includeInIndex = 0; path = Pods_UI_44Tests.framework; sourceTree = BUILT_PRODUCTS_DIR; };
		74AD043C4FC5C531D4ED4E77 /* Pods_UI_44.framework */ = {isa = PBXFileReference; explicitFileType = wrapper.framework; includeInIndex = 0; path = Pods_UI_44.framework; sourceTree = BUILT_PRODUCTS_DIR; };
		97F3ED9568DDB9A068D517A1 /* Pods-UI-44.release.xcconfig */ = {isa = PBXFileReference; includeInIndex = 1; lastKnownFileType = text.xcconfig; name = "Pods-UI-44.release.xcconfig"; path = "Target Support Files/Pods-UI-44/Pods-UI-44.release.xcconfig"; sourceTree = "<group>"; };
		AC6931FEB03D2E5403A6D11A /* Pods-UI-44Tests.release.xcconfig */ = {isa = PBXFileReference; includeInIndex = 1; lastKnownFileType = text.xcconfig; name = "Pods-UI-44Tests.release.xcconfig"; path = "Target Support Files/Pods-UI-44Tests/Pods-UI-44Tests.release.xcconfig"; sourceTree = "<group>"; };
		C3C50B02E2E16A99FB3C66C9 /* Pods-UI-44-UI-44UITests.debug.xcconfig */ = {isa = PBXFileReference; includeInIndex = 1; lastKnownFileType = text.xcconfig; name = "Pods-UI-44-UI-44UITests.debug.xcconfig"; path = "Target Support Files/Pods-UI-44-UI-44UITests/Pods-UI-44-UI-44UITests.debug.xcconfig"; sourceTree = "<group>"; };
		D3BD4AF88493DBE02E1C2BAF /* Pods-UI-44.debug.xcconfig */ = {isa = PBXFileReference; includeInIndex = 1; lastKnownFileType = text.xcconfig; name = "Pods-UI-44.debug.xcconfig"; path = "Target Support Files/Pods-UI-44/Pods-UI-44.debug.xcconfig"; sourceTree = "<group>"; };
		DA67030BD65385C04738D43B /* Pods-UI-44Tests.debug.xcconfig */ = {isa = PBXFileReference; includeInIndex = 1; lastKnownFileType = text.xcconfig; name = "Pods-UI-44Tests.debug.xcconfig"; path = "Target Support Files/Pods-UI-44Tests/Pods-UI-44Tests.debug.xcconfig"; sourceTree = "<group>"; };
		DC138320A95AC35963795E4F /* Pods_UI_44_UI_44UITests.framework */ = {isa = PBXFileReference; explicitFileType = wrapper.framework; includeInIndex = 0; path = Pods_UI_44_UI_44UITests.framework; sourceTree = BUILT_PRODUCTS_DIR; };
/* End PBXFileReference section */

/* Begin PBXFrameworksBuildPhase section */
		6756A596256BDA910057E4EF /* Frameworks */ = {
			isa = PBXFrameworksBuildPhase;
			buildActionMask = 2147483647;
			files = (
				16B5B29E0876822D4E612C08 /* Pods_UI_44.framework in Frameworks */,
			);
			runOnlyForDeploymentPostprocessing = 0;
		};
		6756A5A7256BDA930057E4EF /* Frameworks */ = {
			isa = PBXFrameworksBuildPhase;
			buildActionMask = 2147483647;
			files = (
				0201EDA1825B7C7E3F0CF104 /* Pods_UI_44Tests.framework in Frameworks */,
			);
			runOnlyForDeploymentPostprocessing = 0;
		};
		6756A5B2256BDA930057E4EF /* Frameworks */ = {
			isa = PBXFrameworksBuildPhase;
			buildActionMask = 2147483647;
			files = (
				3C8216FD8D5AFAC07B9061E1 /* Pods_UI_44_UI_44UITests.framework in Frameworks */,
			);
			runOnlyForDeploymentPostprocessing = 0;
		};
/* End PBXFrameworksBuildPhase section */

/* Begin PBXGroup section */
		03AB0FC1240506F2781568A9 /* Pods */ = {
			isa = PBXGroup;
			children = (
				D3BD4AF88493DBE02E1C2BAF /* Pods-UI-44.debug.xcconfig */,
				97F3ED9568DDB9A068D517A1 /* Pods-UI-44.release.xcconfig */,
				C3C50B02E2E16A99FB3C66C9 /* Pods-UI-44-UI-44UITests.debug.xcconfig */,
				2FFC72F403DB0BA45848A0AD /* Pods-UI-44-UI-44UITests.release.xcconfig */,
				DA67030BD65385C04738D43B /* Pods-UI-44Tests.debug.xcconfig */,
				AC6931FEB03D2E5403A6D11A /* Pods-UI-44Tests.release.xcconfig */,
			);
			path = Pods;
			sourceTree = "<group>";
		};
		6756A590256BDA910057E4EF = {
			isa = PBXGroup;
			children = (
				6756A59B256BDA910057E4EF /* UI-44 */,
				6756A5AD256BDA930057E4EF /* UI-44Tests */,
				6756A5B8256BDA930057E4EF /* UI-44UITests */,
				6756A59A256BDA910057E4EF /* Products */,
				03AB0FC1240506F2781568A9 /* Pods */,
				D25CFFDC747ECA4DC485352F /* Frameworks */,
			);
			sourceTree = "<group>";
		};
		6756A59A256BDA910057E4EF /* Products */ = {
			isa = PBXGroup;
			children = (
				6756A599256BDA910057E4EF /* UI-44.app */,
				6756A5AA256BDA930057E4EF /* UI-44Tests.xctest */,
				6756A5B5256BDA930057E4EF /* UI-44UITests.xctest */,
			);
			name = Products;
			sourceTree = "<group>";
		};
		6756A59B256BDA910057E4EF /* UI-44 */ = {
			isa = PBXGroup;
			children = (
				6756A5CA256BDAF70057E4EF /* a1.json */,
				6756A59C256BDA910057E4EF /* UI_44App.swift */,
				6756A59E256BDA910057E4EF /* ContentView.swift */,
				6756A5A0256BDA920057E4EF /* Assets.xcassets */,
				6756A5A5256BDA920057E4EF /* Info.plist */,
				6756A5A2256BDA920057E4EF /* Preview Content */,
			);
			path = "UI-44";
			sourceTree = "<group>";
		};
		6756A5A2256BDA920057E4EF /* Preview Content */ = {
			isa = PBXGroup;
			children = (
				6756A5A3256BDA920057E4EF /* Preview Assets.xcassets */,
			);
			path = "Preview Content";
			sourceTree = "<group>";
		};
		6756A5AD256BDA930057E4EF /* UI-44Tests */ = {
			isa = PBXGroup;
			children = (
				6756A5AE256BDA930057E4EF /* UI_44Tests.swift */,
				6756A5B0256BDA930057E4EF /* Info.plist */,
			);
			path = "UI-44Tests";
			sourceTree = "<group>";
		};
		6756A5B8256BDA930057E4EF /* UI-44UITests */ = {
			isa = PBXGroup;
			children = (
				6756A5B9256BDA930057E4EF /* UI_44UITests.swift */,
				6756A5BB256BDA930057E4EF /* Info.plist */,
			);
			path = "UI-44UITests";
			sourceTree = "<group>";
		};
		D25CFFDC747ECA4DC485352F /* Frameworks */ = {
			isa = PBXGroup;
			children = (
				74AD043C4FC5C531D4ED4E77 /* Pods_UI_44.framework */,
				DC138320A95AC35963795E4F /* Pods_UI_44_UI_44UITests.framework */,
				6A7FAF4A1B290EC3C40B2091 /* Pods_UI_44Tests.framework */,
			);
			name = Frameworks;
			sourceTree = "<group>";
		};
/* End PBXGroup section */

/* Begin PBXNativeTarget section */
		6756A598256BDA910057E4EF /* UI-44 */ = {
			isa = PBXNativeTarget;
			buildConfigurationList = 6756A5BE256BDA930057E4EF /* Build configuration list for PBXNativeTarget "UI-44" */;
			buildPhases = (
				1CF0452904024D86C95AE00F /* [CP] Check Pods Manifest.lock */,
				6756A595256BDA910057E4EF /* Sources */,
				6756A596256BDA910057E4EF /* Frameworks */,
				6756A597256BDA910057E4EF /* Resources */,
				8F138860F7B53FAB05E8CEFD /* [CP] Embed Pods Frameworks */,
			);
			buildRules = (
			);
			dependencies = (
			);
			name = "UI-44";
			productName = "UI-44";
			productReference = 6756A599256BDA910057E4EF /* UI-44.app */;
			productType = "com.apple.product-type.application";
		};
		6756A5A9256BDA930057E4EF /* UI-44Tests */ = {
			isa = PBXNativeTarget;
			buildConfigurationList = 6756A5C1256BDA930057E4EF /* Build configuration list for PBXNativeTarget "UI-44Tests" */;
			buildPhases = (
				1C41B986094CE6D04C237FC5 /* [CP] Check Pods Manifest.lock */,
				6756A5A6256BDA930057E4EF /* Sources */,
				6756A5A7256BDA930057E4EF /* Frameworks */,
				6756A5A8256BDA930057E4EF /* Resources */,
			);
			buildRules = (
			);
			dependencies = (
				6756A5AC256BDA930057E4EF /* PBXTargetDependency */,
			);
			name = "UI-44Tests";
			productName = "UI-44Tests";
			productReference = 6756A5AA256BDA930057E4EF /* UI-44Tests.xctest */;
			productType = "com.apple.product-type.bundle.unit-test";
		};
		6756A5B4256BDA930057E4EF /* UI-44UITests */ = {
			isa = PBXNativeTarget;
			buildConfigurationList = 6756A5C4256BDA930057E4EF /* Build configuration list for PBXNativeTarget "UI-44UITests" */;
			buildPhases = (
				85C4B41A08C3BD8959E0EF36 /* [CP] Check Pods Manifest.lock */,
				6756A5B1256BDA930057E4EF /* Sources */,
				6756A5B2256BDA930057E4EF /* Frameworks */,
				6756A5B3256BDA930057E4EF /* Resources */,
				FA12A6DDF05AF7C39B1B05C4 /* [CP] Embed Pods Frameworks */,
			);
			buildRules = (
			);
			dependencies = (
				6756A5B7256BDA930057E4EF /* PBXTargetDependency */,
			);
			name = "UI-44UITests";
			productName = "UI-44UITests";
			productReference = 6756A5B5256BDA930057E4EF /* UI-44UITests.xctest */;
			productType = "com.apple.product-type.bundle.ui-testing";
		};
/* End PBXNativeTarget section */

/* Begin PBXProject section */
		6756A591256BDA910057E4EF /* Project object */ = {
			isa = PBXProject;
			attributes = {
				LastSwiftUpdateCheck = 1220;
				LastUpgradeCheck = 1220;
				TargetAttributes = {
					6756A598256BDA910057E4EF = {
						CreatedOnToolsVersion = 12.2;
					};
					6756A5A9256BDA930057E4EF = {
						CreatedOnToolsVersion = 12.2;
						TestTargetID = 6756A598256BDA910057E4EF;
					};
					6756A5B4256BDA930057E4EF = {
						CreatedOnToolsVersion = 12.2;
						TestTargetID = 6756A598256BDA910057E4EF;
					};
				};
			};
			buildConfigurationList = 6756A594256BDA910057E4EF /* Build configuration list for PBXProject "UI-44" */;
			compatibilityVersion = "Xcode 9.3";
			developmentRegion = en;
			hasScannedForEncodings = 0;
			knownRegions = (
				en,
				Base,
			);
			mainGroup = 6756A590256BDA910057E4EF;
			productRefGroup = 6756A59A256BDA910057E4EF /* Products */;
			projectDirPath = "";
			projectRoot = "";
			targets = (
				6756A598256BDA910057E4EF /* UI-44 */,
				6756A5A9256BDA930057E4EF /* UI-44Tests */,
				6756A5B4256BDA930057E4EF /* UI-44UITests */,
			);
		};
/* End PBXProject section */

/* Begin PBXResourcesBuildPhase section */
		6756A597256BDA910057E4EF /* Resources */ = {
			isa = PBXResourcesBuildPhase;
			buildActionMask = 2147483647;
			files = (
				6756A5CB256BDAF70057E4EF /* a1.json in Resources */,
				6756A5A4256BDA920057E4EF /* Preview Assets.xcassets in Resources */,
				6756A5A1256BDA920057E4EF /* Assets.xcassets in Resources */,
			);
			runOnlyForDeploymentPostprocessing = 0;
		};
		6756A5A8256BDA930057E4EF /* Resources */ = {
			isa = PBXResourcesBuildPhase;
			buildActionMask = 2147483647;
			files = (
			);
			runOnlyForDeploymentPostprocessing = 0;
		};
		6756A5B3256BDA930057E4EF /* Resources */ = {
			isa = PBXResourcesBuildPhase;
			buildActionMask = 2147483647;
			files = (
			);
			runOnlyForDeploymentPostprocessing = 0;
		};
/* End PBXResourcesBuildPhase section */

/* Begin PBXShellScriptBuildPhase section */
		1C41B986094CE6D04C237FC5 /* [CP] Check Pods Manifest.lock */ = {
			isa = PBXShellScriptBuildPhase;
			buildActionMask = 2147483647;
			files = (
			);
			inputFileListPaths = (
			);
			inputPaths = (
				"${PODS_PODFILE_DIR_PATH}/Podfile.lock",
				"${PODS_ROOT}/Manifest.lock",
			);
			name = "[CP] Check Pods Manifest.lock";
			outputFileListPaths = (
			);
			outputPaths = (
				"$(DERIVED_FILE_DIR)/Pods-UI-44Tests-checkManifestLockResult.txt",
			);
			runOnlyForDeploymentPostprocessing = 0;
			shellPath = /bin/sh;
			shellScript = "diff \"${PODS_PODFILE_DIR_PATH}/Podfile.lock\" \"${PODS_ROOT}/Manifest.lock\" > /dev/null\nif [ $? != 0 ] ; then\n    # print error to STDERR\n    echo \"error: The sandbox is not in sync with the Podfile.lock. Run 'pod install' or update your CocoaPods installation.\" >&2\n    exit 1\nfi\n# This output is used by Xcode 'outputs' to avoid re-running this script phase.\necho \"SUCCESS\" > \"${SCRIPT_OUTPUT_FILE_0}\"\n";
			showEnvVarsInLog = 0;
		};
		1CF0452904024D86C95AE00F /* [CP] Check Pods Manifest.lock */ = {
			isa = PBXShellScriptBuildPhase;
			buildActionMask = 2147483647;
			files = (
			);
			inputFileListPaths = (
			);
			inputPaths = (
				"${PODS_PODFILE_DIR_PATH}/Podfile.lock",
				"${PODS_ROOT}/Manifest.lock",
			);
			name = "[CP] Check Pods Manifest.lock";
			outputFileListPaths = (
			);
			outputPaths = (
				"$(DERIVED_FILE_DIR)/Pods-UI-44-checkManifestLockResult.txt",
			);
			runOnlyForDeploymentPostprocessing = 0;
			shellPath = /bin/sh;
			shellScript = "diff \"${PODS_PODFILE_DIR_PATH}/Podfile.lock\" \"${PODS_ROOT}/Manifest.lock\" > /dev/null\nif [ $? != 0 ] ; then\n    # print error to STDERR\n    echo \"error: The sandbox is not in sync with the Podfile.lock. Run 'pod install' or update your CocoaPods installation.\" >&2\n    exit 1\nfi\n# This output is used by Xcode 'outputs' to avoid re-running this script phase.\necho \"SUCCESS\" > \"${SCRIPT_OUTPUT_FILE_0}\"\n";
			showEnvVarsInLog = 0;
		};
		85C4B41A08C3BD8959E0EF36 /* [CP] Check Pods Manifest.lock */ = {
			isa = PBXShellScriptBuildPhase;
			buildActionMask = 2147483647;
			files = (
			);
			inputFileListPaths = (
			);
			inputPaths = (
				"${PODS_PODFILE_DIR_PATH}/Podfile.lock",
				"${PODS_ROOT}/Manifest.lock",
			);
			name = "[CP] Check Pods Manifest.lock";
			outputFileListPaths = (
			);
			outputPaths = (
				"$(DERIVED_FILE_DIR)/Pods-UI-44-UI-44UITests-checkManifestLockResult.txt",
			);
			runOnlyForDeploymentPostprocessing = 0;
			shellPath = /bin/sh;
			shellScript = "diff \"${PODS_PODFILE_DIR_PATH}/Podfile.lock\" \"${PODS_ROOT}/Manifest.lock\" > /dev/null\nif [ $? != 0 ] ; then\n    # print error to STDERR\n    echo \"error: The sandbox is not in sync with the Podfile.lock. Run 'pod install' or update your CocoaPods installation.\" >&2\n    exit 1\nfi\n# This output is used by Xcode 'outputs' to avoid re-running this script phase.\necho \"SUCCESS\" > \"${SCRIPT_OUTPUT_FILE_0}\"\n";
			showEnvVarsInLog = 0;
		};
		8F138860F7B53FAB05E8CEFD /* [CP] Embed Pods Frameworks */ = {
			isa = PBXShellScriptBuildPhase;
			buildActionMask = 2147483647;
			files = (
			);
			inputFileListPaths = (
				"${PODS_ROOT}/Target Support Files/Pods-UI-44/Pods-UI-44-frameworks-${CONFIGURATION}-input-files.xcfilelist",
			);
			name = "[CP] Embed Pods Frameworks";
			outputFileListPaths = (
				"${PODS_ROOT}/Target Support Files/Pods-UI-44/Pods-UI-44-frameworks-${CONFIGURATION}-output-files.xcfilelist",
			);
			runOnlyForDeploymentPostprocessing = 0;
			shellPath = /bin/sh;
			shellScript = "\"${PODS_ROOT}/Target Support Files/Pods-UI-44/Pods-UI-44-frameworks.sh\"\n";
			showEnvVarsInLog = 0;
		};
		FA12A6DDF05AF7C39B1B05C4 /* [CP] Embed Pods Frameworks */ = {
			isa = PBXShellScriptBuildPhase;
			buildActionMask = 2147483647;
			files = (
			);
			inputFileListPaths = (
				"${PODS_ROOT}/Target Support Files/Pods-UI-44-UI-44UITests/Pods-UI-44-UI-44UITests-frameworks-${CONFIGURATION}-input-files.xcfilelist",
			);
			name = "[CP] Embed Pods Frameworks";
			outputFileListPaths = (
				"${PODS_ROOT}/Target Support Files/Pods-UI-44-UI-44UITests/Pods-UI-44-UI-44UITests-frameworks-${CONFIGURATION}-output-files.xcfilelist",
			);
			runOnlyForDeploymentPostprocessing = 0;
			shellPath = /bin/sh;
			shellScript = "\"${PODS_ROOT}/Target Support Files/Pods-UI-44-UI-44UITests/Pods-UI-44-UI-44UITests-frameworks.sh\"\n";
			showEnvVarsInLog = 0;
		};
/* End PBXShellScriptBuildPhase section */

/* Begin PBXSourcesBuildPhase section */
		6756A595256BDA910057E4EF /* Sources */ = {
			isa = PBXSourcesBuildPhase;
			buildActionMask = 2147483647;
			files = (
				6756A59F256BDA910057E4EF /* ContentView.swift in Sources */,
				6756A59D256BDA910057E4EF /* UI_44App.swift in Sources */,
			);
			runOnlyForDeploymentPostprocessing = 0;
		};
		6756A5A6256BDA930057E4EF /* Sources */ = {
			isa = PBXSourcesBuildPhase;
			buildActionMask = 2147483647;
			files = (
				6756A5AF256BDA930057E4EF /* UI_44Tests.swift in Sources */,
			);
			runOnlyForDeploymentPostprocessing = 0;
		};
		6756A5B1256BDA930057E4EF /* Sources */ = {
			isa = PBXSourcesBuildPhase;
			buildActionMask = 2147483647;
			files = (
				6756A5BA256BDA930057E4EF /* UI_44UITests.swift in Sources */,
			);
			runOnlyForDeploymentPostprocessing = 0;
		};
/* End PBXSourcesBuildPhase section */

/* Begin PBXTargetDependency section */
		6756A5AC256BDA930057E4EF /* PBXTargetDependency */ = {
			isa = PBXTargetDependency;
			target = 6756A598256BDA910057E4EF /* UI-44 */;
			targetProxy = 6756A5AB256BDA930057E4EF /* PBXContainerItemProxy */;
		};
		6756A5B7256BDA930057E4EF /* PBXTargetDependency */ = {
			isa = PBXTargetDependency;
			target = 6756A598256BDA910057E4EF /* UI-44 */;
			targetProxy = 6756A5B6256BDA930057E4EF /* PBXContainerItemProxy */;
		};
/* End PBXTargetDependency section */

/* Begin XCBuildConfiguration section */
		6756A5BC256BDA930057E4EF /* Debug */ = {
			isa = XCBuildConfiguration;
			buildSettings = {
				ALWAYS_SEARCH_USER_PATHS = NO;
				CLANG_ANALYZER_NONNULL = YES;
				CLANG_ANALYZER_NUMBER_OBJECT_CONVERSION = YES_AGGRESSIVE;
				CLANG_CXX_LANGUAGE_STANDARD = "gnu++14";
				CLANG_CXX_LIBRARY = "libc++";
				CLANG_ENABLE_MODULES = YES;
				CLANG_ENABLE_OBJC_ARC = YES;
				CLANG_ENABLE_OBJC_WEAK = YES;
				CLANG_WARN_BLOCK_CAPTURE_AUTORELEASING = YES;
				CLANG_WARN_BOOL_CONVERSION = YES;
				CLANG_WARN_COMMA = YES;
				CLANG_WARN_CONSTANT_CONVERSION = YES;
				CLANG_WARN_DEPRECATED_OBJC_IMPLEMENTATIONS = YES;
				CLANG_WARN_DIRECT_OBJC_ISA_USAGE = YES_ERROR;
				CLANG_WARN_DOCUMENTATION_COMMENTS = YES;
				CLANG_WARN_EMPTY_BODY = YES;
				CLANG_WARN_ENUM_CONVERSION = YES;
				CLANG_WARN_INFINITE_RECURSION = YES;
				CLANG_WARN_INT_CONVERSION = YES;
				CLANG_WARN_NON_LITERAL_NULL_CONVERSION = YES;
				CLANG_WARN_OBJC_IMPLICIT_RETAIN_SELF = YES;
				CLANG_WARN_OBJC_LITERAL_CONVERSION = YES;
				CLANG_WARN_OBJC_ROOT_CLASS = YES_ERROR;
				CLANG_WARN_QUOTED_INCLUDE_IN_FRAMEWORK_HEADER = YES;
				CLANG_WARN_RANGE_LOOP_ANALYSIS = YES;
				CLANG_WARN_STRICT_PROTOTYPES = YES;
				CLANG_WARN_SUSPICIOUS_MOVE = YES;
				CLANG_WARN_UNGUARDED_AVAILABILITY = YES_AGGRESSIVE;
				CLANG_WARN_UNREACHABLE_CODE = YES;
				CLANG_WARN__DUPLICATE_METHOD_MATCH = YES;
				COPY_PHASE_STRIP = NO;
				DEBUG_INFORMATION_FORMAT = dwarf;
				ENABLE_STRICT_OBJC_MSGSEND = YES;
				ENABLE_TESTABILITY = YES;
				GCC_C_LANGUAGE_STANDARD = gnu11;
				GCC_DYNAMIC_NO_PIC = NO;
				GCC_NO_COMMON_BLOCKS = YES;
				GCC_OPTIMIZATION_LEVEL = 0;
				GCC_PREPROCESSOR_DEFINITIONS = (
					"DEBUG=1",
					"$(inherited)",
				);
				GCC_WARN_64_TO_32_BIT_CONVERSION = YES;
				GCC_WARN_ABOUT_RETURN_TYPE = YES_ERROR;
				GCC_WARN_UNDECLARED_SELECTOR = YES;
				GCC_WARN_UNINITIALIZED_AUTOS = YES_AGGRESSIVE;
				GCC_WARN_UNUSED_FUNCTION = YES;
				GCC_WARN_UNUSED_VARIABLE = YES;
				IPHONEOS_DEPLOYMENT_TARGET = 14.2;
				MTL_ENABLE_DEBUG_INFO = INCLUDE_SOURCE;
				MTL_FAST_MATH = YES;
				ONLY_ACTIVE_ARCH = YES;
				SDKROOT = iphoneos;
				SWIFT_ACTIVE_COMPILATION_CONDITIONS = DEBUG;
				SWIFT_OPTIMIZATION_LEVEL = "-Onone";
			};
			name = Debug;
		};
		6756A5BD256BDA930057E4EF /* Release */ = {
			isa = XCBuildConfiguration;
			buildSettings = {
				ALWAYS_SEARCH_USER_PATHS = NO;
				CLANG_ANALYZER_NONNULL = YES;
				CLANG_ANALYZER_NUMBER_OBJECT_CONVERSION = YES_AGGRESSIVE;
				CLANG_CXX_LANGUAGE_STANDARD = "gnu++14";
				CLANG_CXX_LIBRARY = "libc++";
				CLANG_ENABLE_MODULES = YES;
				CLANG_ENABLE_OBJC_ARC = YES;
				CLANG_ENABLE_OBJC_WEAK = YES;
				CLANG_WARN_BLOCK_CAPTURE_AUTORELEASING = YES;
				CLANG_WARN_BOOL_CONVERSION = YES;
				CLANG_WARN_COMMA = YES;
				CLANG_WARN_CONSTANT_CONVERSION = YES;
				CLANG_WARN_DEPRECATED_OBJC_IMPLEMENTATIONS = YES;
				CLANG_WARN_DIRECT_OBJC_ISA_USAGE = YES_ERROR;
				CLANG_WARN_DOCUMENTATION_COMMENTS = YES;
				CLANG_WARN_EMPTY_BODY = YES;
				CLANG_WARN_ENUM_CONVERSION = YES;
				CLANG_WARN_INFINITE_RECURSION = YES;
				CLANG_WARN_INT_CONVERSION = YES;
				CLANG_WARN_NON_LITERAL_NULL_CONVERSION = YES;
				CLANG_WARN_OBJC_IMPLICIT_RETAIN_SELF = YES;
				CLANG_WARN_OBJC_LITERAL_CONVERSION = YES;
				CLANG_WARN_OBJC_ROOT_CLASS = YES_ERROR;
				CLANG_WARN_QUOTED_INCLUDE_IN_FRAMEWORK_HEADER = YES;
				CLANG_WARN_RANGE_LOOP_ANALYSIS = YES;
				CLANG_WARN_STRICT_PROTOTYPES = YES;
				CLANG_WARN_SUSPICIOUS_MOVE = YES;
				CLANG_WARN_UNGUARDED_AVAILABILITY = YES_AGGRESSIVE;
				CLANG_WARN_UNREACHABLE_CODE = YES;
				CLANG_WARN__DUPLICATE_METHOD_MATCH = YES;
				COPY_PHASE_STRIP = NO;
				DEBUG_INFORMATION_FORMAT = "dwarf-with-dsym";
				ENABLE_NS_ASSERTIONS = NO;
				ENABLE_STRICT_OBJC_MSGSEND = YES;
				GCC_C_LANGUAGE_STANDARD = gnu11;
				GCC_NO_COMMON_BLOCKS = YES;
				GCC_WARN_64_TO_32_BIT_CONVERSION = YES;
				GCC_WARN_ABOUT_RETURN_TYPE = YES_ERROR;
				GCC_WARN_UNDECLARED_SELECTOR = YES;
				GCC_WARN_UNINITIALIZED_AUTOS = YES_AGGRESSIVE;
				GCC_WARN_UNUSED_FUNCTION = YES;
				GCC_WARN_UNUSED_VARIABLE = YES;
				IPHONEOS_DEPLOYMENT_TARGET = 14.2;
				MTL_ENABLE_DEBUG_INFO = NO;
				MTL_FAST_MATH = YES;
				SDKROOT = iphoneos;
				SWIFT_COMPILATION_MODE = wholemodule;
				SWIFT_OPTIMIZATION_LEVEL = "-O";
				VALIDATE_PRODUCT = YES;
			};
			name = Release;
		};
		6756A5BF256BDA930057E4EF /* Debug */ = {
			isa = XCBuildConfiguration;
			baseConfigurationReference = D3BD4AF88493DBE02E1C2BAF /* Pods-UI-44.debug.xcconfig */;
			buildSettings = {
				ASSETCATALOG_COMPILER_APPICON_NAME = AppIcon;
				ASSETCATALOG_COMPILER_GLOBAL_ACCENT_COLOR_NAME = AccentColor;
				CODE_SIGN_STYLE = Automatic;
				DEVELOPMENT_ASSET_PATHS = "\"UI-44/Preview Content\"";
				ENABLE_PREVIEWS = YES;
				INFOPLIST_FILE = "UI-44/Info.plist";
				IPHONEOS_DEPLOYMENT_TARGET = 14.0;
				LD_RUNPATH_SEARCH_PATHS = (
					"$(inherited)",
					"@executable_path/Frameworks",
				);
				PRODUCT_BUNDLE_IDENTIFIER = "com.uzu.UI-44";
				PRODUCT_NAME = "$(TARGET_NAME)";
				SWIFT_VERSION = 5.0;
				TARGETED_DEVICE_FAMILY = "1,2";
			};
			name = Debug;
		};
		6756A5C0256BDA930057E4EF /* Release */ = {
			isa = XCBuildConfiguration;
			baseConfigurationReference = 97F3ED9568DDB9A068D517A1 /* Pods-UI-44.release.xcconfig */;
			buildSettings = {
				ASSETCATALOG_COMPILER_APPICON_NAME = AppIcon;
				ASSETCATALOG_COMPILER_GLOBAL_ACCENT_COLOR_NAME = AccentColor;
				CODE_SIGN_STYLE = Automatic;
				DEVELOPMENT_ASSET_PATHS = "\"UI-44/Preview Content\"";
				ENABLE_PREVIEWS = YES;
				INFOPLIST_FILE = "UI-44/Info.plist";
				IPHONEOS_DEPLOYMENT_TARGET = 14.0;
				LD_RUNPATH_SEARCH_PATHS = (
					"$(inherited)",
					"@executable_path/Frameworks",
				);
				PRODUCT_BUNDLE_IDENTIFIER = "com.uzu.UI-44";
				PRODUCT_NAME = "$(TARGET_NAME)";
				SWIFT_VERSION = 5.0;
				TARGETED_DEVICE_FAMILY = "1,2";
			};
			name = Release;
		};
		6756A5C2256BDA930057E4EF /* Debug */ = {
			isa = XCBuildConfiguration;
			baseConfigurationReference = DA67030BD65385C04738D43B /* Pods-UI-44Tests.debug.xcconfig */;
			buildSettings = {
				ALWAYS_EMBED_SWIFT_STANDARD_LIBRARIES = YES;
				BUNDLE_LOADER = "$(TEST_HOST)";
				CODE_SIGN_STYLE = Automatic;
				INFOPLIST_FILE = "UI-44Tests/Info.plist";
				IPHONEOS_DEPLOYMENT_TARGET = 14.0;
				LD_RUNPATH_SEARCH_PATHS = (
					"$(inherited)",
					"@executable_path/Frameworks",
					"@loader_path/Frameworks",
				);
				PRODUCT_BUNDLE_IDENTIFIER = "com.uzu.UI-44Tests";
				PRODUCT_NAME = "$(TARGET_NAME)";
				SWIFT_VERSION = 5.0;
				TARGETED_DEVICE_FAMILY = "1,2";
				TEST_HOST = "$(BUILT_PRODUCTS_DIR)/UI-44.app/UI-44";
			};
			name = Debug;
		};
		6756A5C3256BDA930057E4EF /* Release */ = {
			isa = XCBuildConfiguration;
			baseConfigurationReference = AC6931FEB03D2E5403A6D11A /* Pods-UI-44Tests.release.xcconfig */;
			buildSettings = {
				ALWAYS_EMBED_SWIFT_STANDARD_LIBRARIES = YES;
				BUNDLE_LOADER = "$(TEST_HOST)";
				CODE_SIGN_STYLE = Automatic;
				INFOPLIST_FILE = "UI-44Tests/Info.plist";
				IPHONEOS_DEPLOYMENT_TARGET = 14.0;
				LD_RUNPATH_SEARCH_PATHS = (
					"$(inherited)",
					"@executable_path/Frameworks",
					"@loader_path/Frameworks",
				);
				PRODUCT_BUNDLE_IDENTIFIER = "com.uzu.UI-44Tests";
				PRODUCT_NAME = "$(TARGET_NAME)";
				SWIFT_VERSION = 5.0;
				TARGETED_DEVICE_FAMILY = "1,2";
				TEST_HOST = "$(BUILT_PRODUCTS_DIR)/UI-44.app/UI-44";
			};
			name = Release;
		};
		6756A5C5256BDA930057E4EF /* Debug */ = {
			isa = XCBuildConfiguration;
			baseConfigurationReference = C3C50B02E2E16A99FB3C66C9 /* Pods-UI-44-UI-44UITests.debug.xcconfig */;
			buildSettings = {
				ALWAYS_EMBED_SWIFT_STANDARD_LIBRARIES = YES;
				CODE_SIGN_STYLE = Automatic;
				INFOPLIST_FILE = "UI-44UITests/Info.plist";
				LD_RUNPATH_SEARCH_PATHS = (
					"$(inherited)",
					"@executable_path/Frameworks",
					"@loader_path/Frameworks",
				);
				PRODUCT_BUNDLE_IDENTIFIER = "com.uzu.UI-44UITests";
				PRODUCT_NAME = "$(TARGET_NAME)";
				SWIFT_VERSION = 5.0;
				TARGETED_DEVICE_FAMILY = "1,2";
				TEST_TARGET_NAME = "UI-44";
			};
			name = Debug;
		};
		6756A5C6256BDA930057E4EF /* Release */ = {
			isa = XCBuildConfiguration;
			baseConfigurationReference = 2FFC72F403DB0BA45848A0AD /* Pods-UI-44-UI-44UITests.release.xcconfig */;
			buildSettings = {
				ALWAYS_EMBED_SWIFT_STANDARD_LIBRARIES = YES;
				CODE_SIGN_STYLE = Automatic;
				INFOPLIST_FILE = "UI-44UITests/Info.plist";
				LD_RUNPATH_SEARCH_PATHS = (
					"$(inherited)",
					"@executable_path/Frameworks",
					"@loader_path/Frameworks",
				);
				PRODUCT_BUNDLE_IDENTIFIER = "com.uzu.UI-44UITests";
				PRODUCT_NAME = "$(TARGET_NAME)";
				SWIFT_VERSION = 5.0;
				TARGETED_DEVICE_FAMILY = "1,2";
				TEST_TARGET_NAME = "UI-44";
			};
			name = Release;
		};
/* End XCBuildConfiguration section */

/* Begin XCConfigurationList section */
		6756A594256BDA910057E4EF /* Build configuration list for PBXProject "UI-44" */ = {
			isa = XCConfigurationList;
			buildConfigurations = (
				6756A5BC256BDA930057E4EF /* Debug */,
				6756A5BD256BDA930057E4EF /* Release */,
			);
			defaultConfigurationIsVisible = 0;
			defaultConfigurationName = Release;
		};
		6756A5BE256BDA930057E4EF /* Build configuration list for PBXNativeTarget "UI-44" */ = {
			isa = XCConfigurationList;
			buildConfigurations = (
				6756A5BF256BDA930057E4EF /* Debug */,
				6756A5C0256BDA930057E4EF /* Release */,
			);
			defaultConfigurationIsVisible = 0;
			defaultConfigurationName = Release;
		};
		6756A5C1256BDA930057E4EF /* Build configuration list for PBXNativeTarget "UI-44Tests" */ = {
			isa = XCConfigurationList;
			buildConfigurations = (
				6756A5C2256BDA930057E4EF /* Debug */,
				6756A5C3256BDA930057E4EF /* Release */,
			);
			defaultConfigurationIsVisible = 0;
			defaultConfigurationName = Release;
		};
		6756A5C4256BDA930057E4EF /* Build configuration list for PBXNativeTarget "UI-44UITests" */ = {
			isa = XCConfigurationList;
			buildConfigurations = (
				6756A5C5256BDA930057E4EF /* Debug */,
				6756A5C6256BDA930057E4EF /* Release */,
			);
			defaultConfigurationIsVisible = 0;
			defaultConfigurationName = Release;
		};
/* End XCConfigurationList section */
	};
	rootObject = 6756A591256BDA910057E4EF /* Project object */;
}
